
Microsoft Visual Studio Solution File, Format Version 12.00
# Visual Studio Version 17
VisualStudioVersion = 17.10.35013.160
MinimumVisualStudioVersion = 10.0.40219.1
Project("{9A19103F-16F7-4668-BE54-9A1E7A4F7556}") = "P02_FootballBetting", "P02_FootballBetting.csproj", "{838B251A-72D7-45DC-9F3A-B6F857DB2466}"
EndProject
Global
	GlobalSection(SolutionConfigurationPlatforms) = preSolution
		Debug|Any CPU = Debug|Any CPU
		Release|Any CPU = Release|Any CPU
	EndGlobalSection
	GlobalSection(ProjectConfigurationPlatforms) = postSolution
		{838B251A-72D7-45DC-9F3A-B6F857DB2466}.Debug|Any CPU.ActiveCfg = Debug|Any CPU
		{838B251A-72D7-45DC-9F3A-B6F857DB2466}.Debug|Any CPU.Build.0 = Debug|Any CPU
		{838B251A-72D7-45DC-9F3A-B6F857DB2466}.Release|Any CPU.ActiveCfg = Release|Any CPU
		{838B251A-72D7-45DC-9F3A-B6F857DB2466}.Release|Any CPU.Build.0 = Release|Any CPU
	EndGlobalSection
	GlobalSection(SolutionProperties) = preSolution
		HideSolutionNode = FALSE
	EndGlobalSection
	GlobalSection(ExtensibilityGlobals) = postSolution
		SolutionGuid = {07080B22-83FF-48D5-BB2E-9EB8A2B5CAE1}
	EndGlobalSection
EndGlobal
